
Microsoft Visual Studio Solution File, Format Version 12.00
# Visual Studio 15
VisualStudioVersion = 15.0.26228.12
MinimumVisualStudioVersion = 10.0.40219.1
Project("{FAE04EC0-301F-11D3-BF4B-00C04F79EFBC}") = "CompoundInterest", "CompoundInterest\CompoundInterest.csproj", "{5564B1F1-F4A4-45D6-A8AA-532BB56A5DAC}"
EndProject
Project("{FAE04EC0-301F-11D3-BF4B-00C04F79EFBC}") = "CompoundInterest.Tests", "CompoundInterest.Tests\CompoundInterest.Tests.csproj", "{E2E8D24B-628C-4A88-A844-D264B2BB9A4A}"
EndProject
Global
	GlobalSection(SolutionConfigurationPlatforms) = preSolution
		Debug|Any CPU = Debug|Any CPU
		Release|Any CPU = Release|Any CPU
	EndGlobalSection
	GlobalSection(ProjectConfigurationPlatforms) = postSolution
		{5564B1F1-F4A4-45D6-A8AA-532BB56A5DAC}.Debug|Any CPU.ActiveCfg = Debug|Any CPU
		{5564B1F1-F4A4-45D6-A8AA-532BB56A5DAC}.Debug|Any CPU.Build.0 = Debug|Any CPU
		{5564B1F1-F4A4-45D6-A8AA-532BB56A5DAC}.Release|Any CPU.ActiveCfg = Release|Any CPU
		{5564B1F1-F4A4-45D6-A8AA-532BB56A5DAC}.Release|Any CPU.Build.0 = Release|Any CPU
		{E2E8D24B-628C-4A88-A844-D264B2BB9A4A}.Debug|Any CPU.ActiveCfg = Debug|Any CPU
		{E2E8D24B-628C-4A88-A844-D264B2BB9A4A}.Debug|Any CPU.Build.0 = Debug|Any CPU
		{E2E8D24B-628C-4A88-A844-D264B2BB9A4A}.Release|Any CPU.ActiveCfg = Release|Any CPU
		{E2E8D24B-628C-4A88-A844-D264B2BB9A4A}.Release|Any CPU.Build.0 = Release|Any CPU
	EndGlobalSection
	GlobalSection(SolutionProperties) = preSolution
		HideSolutionNode = FALSE
	EndGlobalSection
EndGlobal
